
Microsoft Visual Studio Solution File, Format Version 12.00
# Visual Studio Version 16
VisualStudioVersion = 16.0.31313.79
MinimumVisualStudioVersion = 10.0.40219.1
Project("{FAE04EC0-301F-11D3-BF4B-00C04F79EFBC}") = "Exercicio_CalculaPoupanca", "Exercicio_CalculaPoupanca.csproj", "{CEE17F15-BF40-4746-8DD1-E62AC13537F6}"
EndProject
Global
	GlobalSection(SolutionConfigurationPlatforms) = preSolution
		Debug|Any CPU = Debug|Any CPU
		Release|Any CPU = Release|Any CPU
	EndGlobalSection
	GlobalSection(ProjectConfigurationPlatforms) = postSolution
		{CEE17F15-BF40-4746-8DD1-E62AC13537F6}.Debug|Any CPU.ActiveCfg = Debug|Any CPU
		{CEE17F15-BF40-4746-8DD1-E62AC13537F6}.Debug|Any CPU.Build.0 = Debug|Any CPU
		{CEE17F15-BF40-4746-8DD1-E62AC13537F6}.Release|Any CPU.ActiveCfg = Release|Any CPU
		{CEE17F15-BF40-4746-8DD1-E62AC13537F6}.Release|Any CPU.Build.0 = Release|Any CPU
	EndGlobalSection
	GlobalSection(SolutionProperties) = preSolution
		HideSolutionNode = FALSE
	EndGlobalSection
	GlobalSection(ExtensibilityGlobals) = postSolution
		SolutionGuid = {F9A6A2A4-4BC8-48A5-A292-407460E86259}
	EndGlobalSection
EndGlobal
